// !$*UTF8*$!
{
	archiveVersion = 1;
	classes = {
	};
	objectVersion = 46;
	objects = {

/* Begin PBXBuildFile section */
		E96641F918BF2D0200E5EF1A /* Foundation.framework in Frameworks */ = {isa = PBXBuildFile; fileRef = E96641F818BF2D0200E5EF1A /* Foundation.framework */; };
		E96641FB18BF2D0200E5EF1A /* CoreGraphics.framework in Frameworks */ = {isa = PBXBuildFile; fileRef = E96641FA18BF2D0200E5EF1A /* CoreGraphics.framework */; };
		E96641FD18BF2D0200E5EF1A /* UIKit.framework in Frameworks */ = {isa = PBXBuildFile; fileRef = E96641FC18BF2D0200E5EF1A /* UIKit.framework */; };
		E966420318BF2D0200E5EF1A /* InfoPlist.strings in Resources */ = {isa = PBXBuildFile; fileRef = E966420118BF2D0200E5EF1A /* InfoPlist.strings */; };
		E966420518BF2D0200E5EF1A /* main.m in Sources */ = {isa = PBXBuildFile; fileRef = E966420418BF2D0200E5EF1A /* main.m */; };
		E966420918BF2D0200E5EF1A /* AppDelegate.m in Sources */ = {isa = PBXBuildFile; fileRef = E966420818BF2D0200E5EF1A /* AppDelegate.m */; };
		E966420C18BF2D0200E5EF1A /* RootViewController.m in Sources */ = {isa = PBXBuildFile; fileRef = E966420B18BF2D0200E5EF1A /* RootViewController.m */; };
		E966420F18BF2D0200E5EF1A /* DataViewController.m in Sources */ = {isa = PBXBuildFile; fileRef = E966420E18BF2D0200E5EF1A /* DataViewController.m */; };
		E966421218BF2D0200E5EF1A /* ModelController.m in Sources */ = {isa = PBXBuildFile; fileRef = E966421118BF2D0200E5EF1A /* ModelController.m */; };
		E966421518BF2D0200E5EF1A /* Main.storyboard in Resources */ = {isa = PBXBuildFile; fileRef = E966421318BF2D0200E5EF1A /* Main.storyboard */; };
		E966421718BF2D0200E5EF1A /* Images.xcassets in Resources */ = {isa = PBXBuildFile; fileRef = E966421618BF2D0200E5EF1A /* Images.xcassets */; };
		E966421E18BF2D0200E5EF1A /* XCTest.framework in Frameworks */ = {isa = PBXBuildFile; fileRef = E966421D18BF2D0200E5EF1A /* XCTest.framework */; };
		E966421F18BF2D0200E5EF1A /* Foundation.framework in Frameworks */ = {isa = PBXBuildFile; fileRef = E96641F818BF2D0200E5EF1A /* Foundation.framework */; };
		E966422018BF2D0200E5EF1A /* UIKit.framework in Frameworks */ = {isa = PBXBuildFile; fileRef = E96641FC18BF2D0200E5EF1A /* UIKit.framework */; };
		E966422818BF2D0200E5EF1A /* InfoPlist.strings in Resources */ = {isa = PBXBuildFile; fileRef = E966422618BF2D0200E5EF1A /* InfoPlist.strings */; };
		E966422A18BF2D0200E5EF1A /* _Tests.m in Sources */ = {isa = PBXBuildFile; fileRef = E966422918BF2D0200E5EF1A /* _Tests.m */; };
/* End PBXBuildFile section */

/* Begin PBXContainerItemProxy section */
		E966422118BF2D0200E5EF1A /* PBXContainerItemProxy */ = {
			isa = PBXContainerItemProxy;
			containerPortal = E96641ED18BF2D0200E5EF1A /* Project object */;
			proxyType = 1;
			remoteGlobalIDString = E96641F418BF2D0200E5EF1A;
			remoteInfo = 3;
		};
/* End PBXContainerItemProxy section */

/* Begin PBXFileReference section */
		E96641F518BF2D0200E5EF1A /* 3.app */ = {isa = PBXFileReference; explicitFileType = wrapper.application; includeInIndex = 0; path = 3.app; sourceTree = BUILT_PRODUCTS_DIR; };
		E96641F818BF2D0200E5EF1A /* Foundation.framework */ = {isa = PBXFileReference; lastKnownFileType = wrapper.framework; name = Foundation.framework; path = System/Library/Frameworks/Foundation.framework; sourceTree = SDKROOT; };
		E96641FA18BF2D0200E5EF1A /* CoreGraphics.framework */ = {isa = PBXFileReference; lastKnownFileType = wrapper.framework; name = CoreGraphics.framework; path = System/Library/Frameworks/CoreGraphics.framework; sourceTree = SDKROOT; };
		E96641FC18BF2D0200E5EF1A /* UIKit.framework */ = {isa = PBXFileReference; lastKnownFileType = wrapper.framework; name = UIKit.framework; path = System/Library/Frameworks/UIKit.framework; sourceTree = SDKROOT; };
		E966420018BF2D0200E5EF1A /* 3-Info.plist */ = {isa = PBXFileReference; lastKnownFileType = text.plist.xml; path = "3-Info.plist"; sourceTree = "<group>"; };
		E966420218BF2D0200E5EF1A /* en */ = {isa = PBXFileReference; lastKnownFileType = text.plist.strings; name = en; path = en.lproj/InfoPlist.strings; sourceTree = "<group>"; };
		E966420418BF2D0200E5EF1A /* main.m */ = {isa = PBXFileReference; lastKnownFileType = sourcecode.c.objc; path = main.m; sourceTree = "<group>"; };
		E966420618BF2D0200E5EF1A /* 3-Prefix.pch */ = {isa = PBXFileReference; lastKnownFileType = sourcecode.c.h; path = "3-Prefix.pch"; sourceTree = "<group>"; };
		E966420718BF2D0200E5EF1A /* AppDelegate.h */ = {isa = PBXFileReference; lastKnownFileType = sourcecode.c.h; path = AppDelegate.h; sourceTree = "<group>"; };
		E966420818BF2D0200E5EF1A /* AppDelegate.m */ = {isa = PBXFileReference; lastKnownFileType = sourcecode.c.objc; path = AppDelegate.m; sourceTree = "<group>"; };
		E966420A18BF2D0200E5EF1A /* RootViewController.h */ = {isa = PBXFileReference; lastKnownFileType = sourcecode.c.h; path = RootViewController.h; sourceTree = "<group>"; };
		E966420B18BF2D0200E5EF1A /* RootViewController.m */ = {isa = PBXFileReference; lastKnownFileType = sourcecode.c.objc; path = RootViewController.m; sourceTree = "<group>"; };
		E966420D18BF2D0200E5EF1A /* DataViewController.h */ = {isa = PBXFileReference; lastKnownFileType = sourcecode.c.h; path = DataViewController.h; sourceTree = "<group>"; };
		E966420E18BF2D0200E5EF1A /* DataViewController.m */ = {isa = PBXFileReference; lastKnownFileType = sourcecode.c.objc; path = DataViewController.m; sourceTree = "<group>"; };
		E966421018BF2D0200E5EF1A /* ModelController.h */ = {isa = PBXFileReference; lastKnownFileType = sourcecode.c.h; path = ModelController.h; sourceTree = "<group>"; };
		E966421118BF2D0200E5EF1A /* ModelController.m */ = {isa = PBXFileReference; lastKnownFileType = sourcecode.c.objc; path = ModelController.m; sourceTree = "<group>"; };
		E966421418BF2D0200E5EF1A /* Base */ = {isa = PBXFileReference; lastKnownFileType = file.storyboard; name = Base; path = Base.lproj/Main.storyboard; sourceTree = "<group>"; };
		E966421618BF2D0200E5EF1A /* Images.xcassets */ = {isa = PBXFileReference; lastKnownFileType = folder.assetcatalog; path = Images.xcassets; sourceTree = "<group>"; };
		E966421C18BF2D0200E5EF1A /* 3Tests.xctest */ = {isa = PBXFileReference; explicitFileType = wrapper.cfbundle; includeInIndex = 0; path = 3Tests.xctest; sourceTree = BUILT_PRODUCTS_DIR; };
		E966421D18BF2D0200E5EF1A /* XCTest.framework */ = {isa = PBXFileReference; lastKnownFileType = wrapper.framework; name = XCTest.framework; path = Library/Frameworks/XCTest.framework; sourceTree = DEVELOPER_DIR; };
		E966422518BF2D0200E5EF1A /* 3Tests-Info.plist */ = {isa = PBXFileReference; lastKnownFileType = text.plist.xml; path = "3Tests-Info.plist"; sourceTree = "<group>"; };
		E966422718BF2D0200E5EF1A /* en */ = {isa = PBXFileReference; lastKnownFileType = text.plist.strings; name = en; path = en.lproj/InfoPlist.strings; sourceTree = "<group>"; };
		E966422918BF2D0200E5EF1A /* _Tests.m */ = {isa = PBXFileReference; lastKnownFileType = sourcecode.c.objc; path = _Tests.m; sourceTree = "<group>"; };
/* End PBXFileReference section */

/* Begin PBXFrameworksBuildPhase section */
		E96641F218BF2D0200E5EF1A /* Frameworks */ = {
			isa = PBXFrameworksBuildPhase;
			buildActionMask = 2147483647;
			files = (
				E96641FB18BF2D0200E5EF1A /* CoreGraphics.framework in Frameworks */,
				E96641FD18BF2D0200E5EF1A /* UIKit.framework in Frameworks */,
				E96641F918BF2D0200E5EF1A /* Foundation.framework in Frameworks */,
			);
			runOnlyForDeploymentPostprocessing = 0;
		};
		E966421918BF2D0200E5EF1A /* Frameworks */ = {
			isa = PBXFrameworksBuildPhase;
			buildActionMask = 2147483647;
			files = (
				E966421E18BF2D0200E5EF1A /* XCTest.framework in Frameworks */,
				E966422018BF2D0200E5EF1A /* UIKit.framework in Frameworks */,
				E966421F18BF2D0200E5EF1A /* Foundation.framework in Frameworks */,
			);
			runOnlyForDeploymentPostprocessing = 0;
		};
/* End PBXFrameworksBuildPhase section */

/* Begin PBXGroup section */
		E96641EC18BF2D0200E5EF1A = {
			isa = PBXGroup;
			children = (
				E96641FE18BF2D0200E5EF1A /* 3 */,
				E966422318BF2D0200E5EF1A /* 3Tests */,
				E96641F718BF2D0200E5EF1A /* Frameworks */,
				E96641F618BF2D0200E5EF1A /* Products */,
			);
			sourceTree = "<group>";
		};
		E96641F618BF2D0200E5EF1A /* Products */ = {
			isa = PBXGroup;
			children = (
				E96641F518BF2D0200E5EF1A /* 3.app */,
				E966421C18BF2D0200E5EF1A /* 3Tests.xctest */,
			);
			name = Products;
			sourceTree = "<group>";
		};
		E96641F718BF2D0200E5EF1A /* Frameworks */ = {
			isa = PBXGroup;
			children = (
				E96641F818BF2D0200E5EF1A /* Foundation.framework */,
				E96641FA18BF2D0200E5EF1A /* CoreGraphics.framework */,
				E96641FC18BF2D0200E5EF1A /* UIKit.framework */,
				E966421D18BF2D0200E5EF1A /* XCTest.framework */,
			);
			name = Frameworks;
			sourceTree = "<group>";
		};
		E96641FE18BF2D0200E5EF1A /* 3 */ = {
			isa = PBXGroup;
			children = (
				E966420718BF2D0200E5EF1A /* AppDelegate.h */,
				E966420818BF2D0200E5EF1A /* AppDelegate.m */,
				E966420A18BF2D0200E5EF1A /* RootViewController.h */,
				E966420B18BF2D0200E5EF1A /* RootViewController.m */,
				E966420D18BF2D0200E5EF1A /* DataViewController.h */,
				E966420E18BF2D0200E5EF1A /* DataViewController.m */,
				E966421018BF2D0200E5EF1A /* ModelController.h */,
				E966421118BF2D0200E5EF1A /* ModelController.m */,
				E966421318BF2D0200E5EF1A /* Main.storyboard */,
				E966421618BF2D0200E5EF1A /* Images.xcassets */,
				E96641FF18BF2D0200E5EF1A /* Supporting Files */,
			);
			path = 3;
			sourceTree = "<group>";
		};
		E96641FF18BF2D0200E5EF1A /* Supporting Files */ = {
			isa = PBXGroup;
			children = (
				E966420018BF2D0200E5EF1A /* 3-Info.plist */,
				E966420118BF2D0200E5EF1A /* InfoPlist.strings */,
				E966420418BF2D0200E5EF1A /* main.m */,
				E966420618BF2D0200E5EF1A /* 3-Prefix.pch */,
			);
			name = "Supporting Files";
			sourceTree = "<group>";
		};
		E966422318BF2D0200E5EF1A /* 3Tests */ = {
			isa = PBXGroup;
			children = (
				E966422918BF2D0200E5EF1A /* _Tests.m */,
				E966422418BF2D0200E5EF1A /* Supporting Files */,
			);
			path = 3Tests;
			sourceTree = "<group>";
		};
		E966422418BF2D0200E5EF1A /* Supporting Files */ = {
			isa = PBXGroup;
			children = (
				E966422518BF2D0200E5EF1A /* 3Tests-Info.plist */,
				E966422618BF2D0200E5EF1A /* InfoPlist.strings */,
			);
			name = "Supporting Files";
			sourceTree = "<group>";
		};
/* End PBXGroup section */

/* Begin PBXNativeTarget section */
		E96641F418BF2D0200E5EF1A /* 3 */ = {
			isa = PBXNativeTarget;
			buildConfigurationList = E966422D18BF2D0200E5EF1A /* Build configuration list for PBXNativeTarget "3" */;
			buildPhases = (
				E96641F118BF2D0200E5EF1A /* Sources */,
				E96641F218BF2D0200E5EF1A /* Frameworks */,
				E96641F318BF2D0200E5EF1A /* Resources */,
			);
			buildRules = (
			);
			dependencies = (
			);
			name = 3;
			productName = 3;
			productReference = E96641F518BF2D0200E5EF1A /* 3.app */;
			productType = "com.apple.product-type.application";
		};
		E966421B18BF2D0200E5EF1A /* 3Tests */ = {
			isa = PBXNativeTarget;
			buildConfigurationList = E966423018BF2D0200E5EF1A /* Build configuration list for PBXNativeTarget "3Tests" */;
			buildPhases = (
				E966421818BF2D0200E5EF1A /* Sources */,
				E966421918BF2D0200E5EF1A /* Frameworks */,
				E966421A18BF2D0200E5EF1A /* Resources */,
			);
			buildRules = (
			);
			dependencies = (
				E966422218BF2D0200E5EF1A /* PBXTargetDependency */,
			);
			name = 3Tests;
			productName = 3Tests;
			productReference = E966421C18BF2D0200E5EF1A /* 3Tests.xctest */;
			productType = "com.apple.product-type.bundle.unit-test";
		};
/* End PBXNativeTarget section */

/* Begin PBXProject section */
		E96641ED18BF2D0200E5EF1A /* Project object */ = {
			isa = PBXProject;
			attributes = {
				LastUpgradeCheck = 0500;
				ORGANIZATIONNAME = Khalid;
				TargetAttributes = {
					E966421B18BF2D0200E5EF1A = {
						TestTargetID = E96641F418BF2D0200E5EF1A;
					};
				};
			};
			buildConfigurationList = E96641F018BF2D0200E5EF1A /* Build configuration list for PBXProject "3" */;
			compatibilityVersion = "Xcode 3.2";
			developmentRegion = English;
			hasScannedForEncodings = 0;
			knownRegions = (
				en,
				Base,
			);
			mainGroup = E96641EC18BF2D0200E5EF1A;
			productRefGroup = E96641F618BF2D0200E5EF1A /* Products */;
			projectDirPath = "";
			projectRoot = "";
			targets = (
				E96641F418BF2D0200E5EF1A /* 3 */,
				E966421B18BF2D0200E5EF1A /* 3Tests */,
			);
		};
/* End PBXProject section */

/* Begin PBXResourcesBuildPhase section */
		E96641F318BF2D0200E5EF1A /* Resources */ = {
			isa = PBXResourcesBuildPhase;
			buildActionMask = 2147483647;
			files = (
				E966421718BF2D0200E5EF1A /* Images.xcassets in Resources */,
				E966420318BF2D0200E5EF1A /* InfoPlist.strings in Resources */,
				E966421518BF2D0200E5EF1A /* Main.storyboard in Resources */,
			);
			runOnlyForDeploymentPostprocessing = 0;
		};
		E966421A18BF2D0200E5EF1A /* Resources */ = {
			isa = PBXResourcesBuildPhase;
			buildActionMask = 2147483647;
			files = (
				E966422818BF2D0200E5EF1A /* InfoPlist.strings in Resources */,
			);
			runOnlyForDeploymentPostprocessing = 0;
		};
/* End PBXResourcesBuildPhase section */

/* Begin PBXSourcesBuildPhase section */
		E96641F118BF2D0200E5EF1A /* Sources */ = {
			isa = PBXSourcesBuildPhase;
			buildActionMask = 2147483647;
			files = (
				E966420F18BF2D0200E5EF1A /* DataViewController.m in Sources */,
				E966420918BF2D0200E5EF1A /* AppDelegate.m in Sources */,
				E966421218BF2D0200E5EF1A /* ModelController.m in Sources */,
				E966420518BF2D0200E5EF1A /* main.m in Sources */,
				E966420C18BF2D0200E5EF1A /* RootViewController.m in Sources */,
			);
			runOnlyForDeploymentPostprocessing = 0;
		};
		E966421818BF2D0200E5EF1A /* Sources */ = {
			isa = PBXSourcesBuildPhase;
			buildActionMask = 2147483647;
			files = (
				E966422A18BF2D0200E5EF1A /* _Tests.m in Sources */,
			);
			runOnlyForDeploymentPostprocessing = 0;
		};
/* End PBXSourcesBuildPhase section */

/* Begin PBXTargetDependency section */
		E966422218BF2D0200E5EF1A /* PBXTargetDependency */ = {
			isa = PBXTargetDependency;
			target = E96641F418BF2D0200E5EF1A /* 3 */;
			targetProxy = E966422118BF2D0200E5EF1A /* PBXContainerItemProxy */;
		};
/* End PBXTargetDependency section */

/* Begin PBXVariantGroup section */
		E966420118BF2D0200E5EF1A /* InfoPlist.strings */ = {
			isa = PBXVariantGroup;
			children = (
				E966420218BF2D0200E5EF1A /* en */,
			);
			name = InfoPlist.strings;
			sourceTree = "<group>";
		};
		E966421318BF2D0200E5EF1A /* Main.storyboard */ = {
			isa = PBXVariantGroup;
			children = (
				E966421418BF2D0200E5EF1A /* Base */,
			);
			name = Main.storyboard;
			sourceTree = "<group>";
		};
		E966422618BF2D0200E5EF1A /* InfoPlist.strings */ = {
			isa = PBXVariantGroup;
			children = (
				E966422718BF2D0200E5EF1A /* en */,
			);
			name = InfoPlist.strings;
			sourceTree = "<group>";
		};
/* End PBXVariantGroup section */

/* Begin XCBuildConfiguration section */
		E966422B18BF2D0200E5EF1A /* Debug */ = {
			isa = XCBuildConfiguration;
			buildSettings = {
				ALWAYS_SEARCH_USER_PATHS = NO;
				ARCHS = "$(ARCHS_STANDARD_INCLUDING_64_BIT)";
				CLANG_CXX_LANGUAGE_STANDARD = "gnu++0x";
				CLANG_CXX_LIBRARY = "libc++";
				CLANG_ENABLE_MODULES = YES;
				CLANG_ENABLE_OBJC_ARC = YES;
				CLANG_WARN_BOOL_CONVERSION = YES;
				CLANG_WARN_CONSTANT_CONVERSION = YES;
				CLANG_WARN_DIRECT_OBJC_ISA_USAGE = YES_ERROR;
				CLANG_WARN_EMPTY_BODY = YES;
				CLANG_WARN_ENUM_CONVERSION = YES;
				CLANG_WARN_INT_CONVERSION = YES;
				CLANG_WARN_OBJC_ROOT_CLASS = YES_ERROR;
				CLANG_WARN__DUPLICATE_METHOD_MATCH = YES;
				"CODE_SIGN_IDENTITY[sdk=iphoneos*]" = "iPhone Developer";
				COPY_PHASE_STRIP = NO;
				GCC_C_LANGUAGE_STANDARD = gnu99;
				GCC_DYNAMIC_NO_PIC = NO;
				GCC_OPTIMIZATION_LEVEL = 0;
				GCC_PREPROCESSOR_DEFINITIONS = (
					"DEBUG=1",
					"$(inherited)",
				);
				GCC_SYMBOLS_PRIVATE_EXTERN = NO;
				GCC_WARN_64_TO_32_BIT_CONVERSION = YES;
				GCC_WARN_ABOUT_RETURN_TYPE = YES_ERROR;
				GCC_WARN_UNDECLARED_SELECTOR = YES;
				GCC_WARN_UNINITIALIZED_AUTOS = YES;
				GCC_WARN_UNUSED_FUNCTION = YES;
				GCC_WARN_UNUSED_VARIABLE = YES;
				IPHONEOS_DEPLOYMENT_TARGET = 7.0;
				ONLY_ACTIVE_ARCH = YES;
				SDKROOT = iphoneos;
			};
			name = Debug;
		};
		E966422C18BF2D0200E5EF1A /* Release */ = {
			isa = XCBuildConfiguration;
			buildSettings = {
				ALWAYS_SEARCH_USER_PATHS = NO;
				ARCHS = "$(ARCHS_STANDARD_INCLUDING_64_BIT)";
				CLANG_CXX_LANGUAGE_STANDARD = "gnu++0x";
				CLANG_CXX_LIBRARY = "libc++";
				CLANG_ENABLE_MODULES = YES;
				CLANG_ENABLE_OBJC_ARC = YES;
				CLANG_WARN_BOOL_CONVERSION = YES;
				CLANG_WARN_CONSTANT_CONVERSION = YES;
				CLANG_WARN_DIRECT_OBJC_ISA_USAGE = YES_ERROR;
				CLANG_WARN_EMPTY_BODY = YES;
				CLANG_WARN_ENUM_CONVERSION = YES;
				CLANG_WARN_INT_CONVERSION = YES;
				CLANG_WARN_OBJC_ROOT_CLASS = YES_ERROR;
				CLANG_WARN__DUPLICATE_METHOD_MATCH = YES;
				"CODE_SIGN_IDENTITY[sdk=iphoneos*]" = "iPhone Developer";
				COPY_PHASE_STRIP = YES;
				ENABLE_NS_ASSERTIONS = NO;
				GCC_C_LANGUAGE_STANDARD = gnu99;
				GCC_WARN_64_TO_32_BIT_CONVERSION = YES;
				GCC_WARN_ABOUT_RETURN_TYPE = YES_ERROR;
				GCC_WARN_UNDECLARED_SELECTOR = YES;
				GCC_WARN_UNINITIALIZED_AUTOS = YES;
				GCC_WARN_UNUSED_FUNCTION = YES;
				GCC_WARN_UNUSED_VARIABLE = YES;
				IPHONEOS_DEPLOYMENT_TARGET = 7.0;
				SDKROOT = iphoneos;
				VALIDATE_PRODUCT = YES;
			};
			name = Release;
		};
		E966422E18BF2D0200E5EF1A /* Debug */ = {
			isa = XCBuildConfiguration;
			buildSettings = {
				ASSETCATALOG_COMPILER_APPICON_NAME = AppIcon;
				ASSETCATALOG_COMPILER_LAUNCHIMAGE_NAME = LaunchImage;
				GCC_PRECOMPILE_PREFIX_HEADER = YES;
				GCC_PREFIX_HEADER = "3/3-Prefix.pch";
				INFOPLIST_FILE = "3/3-Info.plist";
				PRODUCT_NAME = "$(TARGET_NAME)";
				WRAPPER_EXTENSION = app;
			};
			name = Debug;
		};
		E966422F18BF2D0200E5EF1A /* Release */ = {
			isa = XCBuildConfiguration;
			buildSettings = {
				ASSETCATALOG_COMPILER_APPICON_NAME = AppIcon;
				ASSETCATALOG_COMPILER_LAUNCHIMAGE_NAME = LaunchImage;
				GCC_PRECOMPILE_PREFIX_HEADER = YES;
				GCC_PREFIX_HEADER = "3/3-Prefix.pch";
				INFOPLIST_FILE = "3/3-Info.plist";
				PRODUCT_NAME = "$(TARGET_NAME)";
				WRAPPER_EXTENSION = app;
			};
			name = Release;
		};
		E966423118BF2D0200E5EF1A /* Debug */ = {
			isa = XCBuildConfiguration;
			buildSettings = {
				ARCHS = "$(ARCHS_STANDARD_INCLUDING_64_BIT)";
				BUNDLE_LOADER = "$(BUILT_PRODUCTS_DIR)/3.app/3";
				FRAMEWORK_SEARCH_PATHS = (
					"$(SDKROOT)/Developer/Library/Frameworks",
					"$(inherited)",
					"$(DEVELOPER_FRAMEWORKS_DIR)",
				);
				GCC_PRECOMPILE_PREFIX_HEADER = YES;
				GCC_PREFIX_HEADER = "3/3-Prefix.pch";
				GCC_PREPROCESSOR_DEFINITIONS = (
					"DEBUG=1",
					"$(inherited)",
				);
				INFOPLIST_FILE = "3Tests/3Tests-Info.plist";
				PRODUCT_NAME = "$(TARGET_NAME)";
				TEST_HOST = "$(BUNDLE_LOADER)";
				WRAPPER_EXTENSION = xctest;
			};
			name = Debug;
		};
		E966423218BF2D0200E5EF1A /* Release */ = {
			isa = XCBuildConfiguration;
			buildSettings = {
				ARCHS = "$(ARCHS_STANDARD_INCLUDING_64_BIT)";
				BUNDLE_LOADER = "$(BUILT_PRODUCTS_DIR)/3.app/3";
				FRAMEWORK_SEARCH_PATHS = (
					"$(SDKROOT)/Developer/Library/Frameworks",
					"$(inherited)",
					"$(DEVELOPER_FRAMEWORKS_DIR)",
				);
				GCC_PRECOMPILE_PREFIX_HEADER = YES;
				GCC_PREFIX_HEADER = "3/3-Prefix.pch";
				INFOPLIST_FILE = "3Tests/3Tests-Info.plist";
				PRODUCT_NAME = "$(TARGET_NAME)";
				TEST_HOST = "$(BUNDLE_LOADER)";
				WRAPPER_EXTENSION = xctest;
			};
			name = Release;
		};
/* End XCBuildConfiguration section */

/* Begin XCConfigurationList section */
		E96641F018BF2D0200E5EF1A /* Build configuration list for PBXProject "3" */ = {
			isa = XCConfigurationList;
			buildConfigurations = (
				E966422B18BF2D0200E5EF1A /* Debug */,
				E966422C18BF2D0200E5EF1A /* Release */,
			);
			defaultConfigurationIsVisible = 0;
			defaultConfigurationName = Release;
		};
		E966422D18BF2D0200E5EF1A /* Build configuration list for PBXNativeTarget "3" */ = {
			isa = XCConfigurationList;
			buildConfigurations = (
				E966422E18BF2D0200E5EF1A /* Debug */,
				E966422F18BF2D0200E5EF1A /* Release */,
			);
			defaultConfigurationIsVisible = 0;
		};
		E966423018BF2D0200E5EF1A /* Build configuration list for PBXNativeTarget "3Tests" */ = {
			isa = XCConfigurationList;
			buildConfigurations = (
				E966423118BF2D0200E5EF1A /* Debug */,
				E966423218BF2D0200E5EF1A /* Release */,
			);
			defaultConfigurationIsVisible = 0;
		};
/* End XCConfigurationList section */
	};
	rootObject = E96641ED18BF2D0200E5EF1A /* Project object */;
}
