// !$*UTF8*$!
{
	archiveVersion = 1;
	classes = {
	};
	objectVersion = 46;
	objects = {

/* Begin PBXBuildFile section */
		E942E6531890CCF400BED53F /* Foundation.framework in Frameworks */ = {isa = PBXBuildFile; fileRef = E942E6521890CCF400BED53F /* Foundation.framework */; };
		E942E6551890CCF400BED53F /* CoreGraphics.framework in Frameworks */ = {isa = PBXBuildFile; fileRef = E942E6541890CCF400BED53F /* CoreGraphics.framework */; };
		E942E6571890CCF400BED53F /* UIKit.framework in Frameworks */ = {isa = PBXBuildFile; fileRef = E942E6561890CCF400BED53F /* UIKit.framework */; };
		E942E65D1890CCF400BED53F /* InfoPlist.strings in Resources */ = {isa = PBXBuildFile; fileRef = E942E65B1890CCF400BED53F /* InfoPlist.strings */; };
		E942E65F1890CCF400BED53F /* main.m in Sources */ = {isa = PBXBuildFile; fileRef = E942E65E1890CCF400BED53F /* main.m */; };
		E942E6631890CCF400BED53F /* AppDelegate.m in Sources */ = {isa = PBXBuildFile; fileRef = E942E6621890CCF400BED53F /* AppDelegate.m */; };
		E942E6661890CCF400BED53F /* Main.storyboard in Resources */ = {isa = PBXBuildFile; fileRef = E942E6641890CCF400BED53F /* Main.storyboard */; };
		E942E6691890CCF400BED53F /* ViewController.m in Sources */ = {isa = PBXBuildFile; fileRef = E942E6681890CCF400BED53F /* ViewController.m */; };
		E942E66B1890CCF400BED53F /* Images.xcassets in Resources */ = {isa = PBXBuildFile; fileRef = E942E66A1890CCF400BED53F /* Images.xcassets */; };
		E942E6721890CCF400BED53F /* XCTest.framework in Frameworks */ = {isa = PBXBuildFile; fileRef = E942E6711890CCF400BED53F /* XCTest.framework */; };
		E942E6731890CCF400BED53F /* Foundation.framework in Frameworks */ = {isa = PBXBuildFile; fileRef = E942E6521890CCF400BED53F /* Foundation.framework */; };
		E942E6741890CCF400BED53F /* UIKit.framework in Frameworks */ = {isa = PBXBuildFile; fileRef = E942E6561890CCF400BED53F /* UIKit.framework */; };
		E942E67C1890CCF400BED53F /* InfoPlist.strings in Resources */ = {isa = PBXBuildFile; fileRef = E942E67A1890CCF400BED53F /* InfoPlist.strings */; };
		E942E67E1890CCF400BED53F /* AppUsingParseCloudTests.m in Sources */ = {isa = PBXBuildFile; fileRef = E942E67D1890CCF400BED53F /* AppUsingParseCloudTests.m */; };
/* End PBXBuildFile section */

/* Begin PBXContainerItemProxy section */
		E942E6751890CCF400BED53F /* PBXContainerItemProxy */ = {
			isa = PBXContainerItemProxy;
			containerPortal = E942E6471890CCF400BED53F /* Project object */;
			proxyType = 1;
			remoteGlobalIDString = E942E64E1890CCF400BED53F;
			remoteInfo = AppUsingParseCloud;
		};
/* End PBXContainerItemProxy section */

/* Begin PBXFileReference section */
		E942E64F1890CCF400BED53F /* AppUsingParseCloud.app */ = {isa = PBXFileReference; explicitFileType = wrapper.application; includeInIndex = 0; path = AppUsingParseCloud.app; sourceTree = BUILT_PRODUCTS_DIR; };
		E942E6521890CCF400BED53F /* Foundation.framework */ = {isa = PBXFileReference; lastKnownFileType = wrapper.framework; name = Foundation.framework; path = System/Library/Frameworks/Foundation.framework; sourceTree = SDKROOT; };
		E942E6541890CCF400BED53F /* CoreGraphics.framework */ = {isa = PBXFileReference; lastKnownFileType = wrapper.framework; name = CoreGraphics.framework; path = System/Library/Frameworks/CoreGraphics.framework; sourceTree = SDKROOT; };
		E942E6561890CCF400BED53F /* UIKit.framework */ = {isa = PBXFileReference; lastKnownFileType = wrapper.framework; name = UIKit.framework; path = System/Library/Frameworks/UIKit.framework; sourceTree = SDKROOT; };
		E942E65A1890CCF400BED53F /* AppUsingParseCloud-Info.plist */ = {isa = PBXFileReference; lastKnownFileType = text.plist.xml; path = "AppUsingParseCloud-Info.plist"; sourceTree = "<group>"; };
		E942E65C1890CCF400BED53F /* en */ = {isa = PBXFileReference; lastKnownFileType = text.plist.strings; name = en; path = en.lproj/InfoPlist.strings; sourceTree = "<group>"; };
		E942E65E1890CCF400BED53F /* main.m */ = {isa = PBXFileReference; lastKnownFileType = sourcecode.c.objc; path = main.m; sourceTree = "<group>"; };
		E942E6601890CCF400BED53F /* AppUsingParseCloud-Prefix.pch */ = {isa = PBXFileReference; lastKnownFileType = sourcecode.c.h; path = "AppUsingParseCloud-Prefix.pch"; sourceTree = "<group>"; };
		E942E6611890CCF400BED53F /* AppDelegate.h */ = {isa = PBXFileReference; lastKnownFileType = sourcecode.c.h; path = AppDelegate.h; sourceTree = "<group>"; };
		E942E6621890CCF400BED53F /* AppDelegate.m */ = {isa = PBXFileReference; lastKnownFileType = sourcecode.c.objc; path = AppDelegate.m; sourceTree = "<group>"; };
		E942E6651890CCF400BED53F /* Base */ = {isa = PBXFileReference; lastKnownFileType = file.storyboard; name = Base; path = Base.lproj/Main.storyboard; sourceTree = "<group>"; };
		E942E6671890CCF400BED53F /* ViewController.h */ = {isa = PBXFileReference; lastKnownFileType = sourcecode.c.h; path = ViewController.h; sourceTree = "<group>"; };
		E942E6681890CCF400BED53F /* ViewController.m */ = {isa = PBXFileReference; lastKnownFileType = sourcecode.c.objc; path = ViewController.m; sourceTree = "<group>"; };
		E942E66A1890CCF400BED53F /* Images.xcassets */ = {isa = PBXFileReference; lastKnownFileType = folder.assetcatalog; path = Images.xcassets; sourceTree = "<group>"; };
		E942E6701890CCF400BED53F /* AppUsingParseCloudTests.xctest */ = {isa = PBXFileReference; explicitFileType = wrapper.cfbundle; includeInIndex = 0; path = AppUsingParseCloudTests.xctest; sourceTree = BUILT_PRODUCTS_DIR; };
		E942E6711890CCF400BED53F /* XCTest.framework */ = {isa = PBXFileReference; lastKnownFileType = wrapper.framework; name = XCTest.framework; path = Library/Frameworks/XCTest.framework; sourceTree = DEVELOPER_DIR; };
		E942E6791890CCF400BED53F /* AppUsingParseCloudTests-Info.plist */ = {isa = PBXFileReference; lastKnownFileType = text.plist.xml; path = "AppUsingParseCloudTests-Info.plist"; sourceTree = "<group>"; };
		E942E67B1890CCF400BED53F /* en */ = {isa = PBXFileReference; lastKnownFileType = text.plist.strings; name = en; path = en.lproj/InfoPlist.strings; sourceTree = "<group>"; };
		E942E67D1890CCF400BED53F /* AppUsingParseCloudTests.m */ = {isa = PBXFileReference; lastKnownFileType = sourcecode.c.objc; path = AppUsingParseCloudTests.m; sourceTree = "<group>"; };
/* End PBXFileReference section */

/* Begin PBXFrameworksBuildPhase section */
		E942E64C1890CCF400BED53F /* Frameworks */ = {
			isa = PBXFrameworksBuildPhase;
			buildActionMask = 2147483647;
			files = (
				E942E6551890CCF400BED53F /* CoreGraphics.framework in Frameworks */,
				E942E6571890CCF400BED53F /* UIKit.framework in Frameworks */,
				E942E6531890CCF400BED53F /* Foundation.framework in Frameworks */,
			);
			runOnlyForDeploymentPostprocessing = 0;
		};
		E942E66D1890CCF400BED53F /* Frameworks */ = {
			isa = PBXFrameworksBuildPhase;
			buildActionMask = 2147483647;
			files = (
				E942E6721890CCF400BED53F /* XCTest.framework in Frameworks */,
				E942E6741890CCF400BED53F /* UIKit.framework in Frameworks */,
				E942E6731890CCF400BED53F /* Foundation.framework in Frameworks */,
			);
			runOnlyForDeploymentPostprocessing = 0;
		};
/* End PBXFrameworksBuildPhase section */

/* Begin PBXGroup section */
		E942E6461890CCF400BED53F = {
			isa = PBXGroup;
			children = (
				E942E6581890CCF400BED53F /* AppUsingParseCloud */,
				E942E6771890CCF400BED53F /* AppUsingParseCloudTests */,
				E942E6511890CCF400BED53F /* Frameworks */,
				E942E6501890CCF400BED53F /* Products */,
			);
			sourceTree = "<group>";
		};
		E942E6501890CCF400BED53F /* Products */ = {
			isa = PBXGroup;
			children = (
				E942E64F1890CCF400BED53F /* AppUsingParseCloud.app */,
				E942E6701890CCF400BED53F /* AppUsingParseCloudTests.xctest */,
			);
			name = Products;
			sourceTree = "<group>";
		};
		E942E6511890CCF400BED53F /* Frameworks */ = {
			isa = PBXGroup;
			children = (
				E942E6521890CCF400BED53F /* Foundation.framework */,
				E942E6541890CCF400BED53F /* CoreGraphics.framework */,
				E942E6561890CCF400BED53F /* UIKit.framework */,
				E942E6711890CCF400BED53F /* XCTest.framework */,
			);
			name = Frameworks;
			sourceTree = "<group>";
		};
		E942E6581890CCF400BED53F /* AppUsingParseCloud */ = {
			isa = PBXGroup;
			children = (
				E942E6611890CCF400BED53F /* AppDelegate.h */,
				E942E6621890CCF400BED53F /* AppDelegate.m */,
				E942E6641890CCF400BED53F /* Main.storyboard */,
				E942E6671890CCF400BED53F /* ViewController.h */,
				E942E6681890CCF400BED53F /* ViewController.m */,
				E942E66A1890CCF400BED53F /* Images.xcassets */,
				E942E6591890CCF400BED53F /* Supporting Files */,
			);
			path = AppUsingParseCloud;
			sourceTree = "<group>";
		};
		E942E6591890CCF400BED53F /* Supporting Files */ = {
			isa = PBXGroup;
			children = (
				E942E65A1890CCF400BED53F /* AppUsingParseCloud-Info.plist */,
				E942E65B1890CCF400BED53F /* InfoPlist.strings */,
				E942E65E1890CCF400BED53F /* main.m */,
				E942E6601890CCF400BED53F /* AppUsingParseCloud-Prefix.pch */,
			);
			name = "Supporting Files";
			sourceTree = "<group>";
		};
		E942E6771890CCF400BED53F /* AppUsingParseCloudTests */ = {
			isa = PBXGroup;
			children = (
				E942E67D1890CCF400BED53F /* AppUsingParseCloudTests.m */,
				E942E6781890CCF400BED53F /* Supporting Files */,
			);
			path = AppUsingParseCloudTests;
			sourceTree = "<group>";
		};
		E942E6781890CCF400BED53F /* Supporting Files */ = {
			isa = PBXGroup;
			children = (
				E942E6791890CCF400BED53F /* AppUsingParseCloudTests-Info.plist */,
				E942E67A1890CCF400BED53F /* InfoPlist.strings */,
			);
			name = "Supporting Files";
			sourceTree = "<group>";
		};
/* End PBXGroup section */

/* Begin PBXNativeTarget section */
		E942E64E1890CCF400BED53F /* AppUsingParseCloud */ = {
			isa = PBXNativeTarget;
			buildConfigurationList = E942E6811890CCF400BED53F /* Build configuration list for PBXNativeTarget "AppUsingParseCloud" */;
			buildPhases = (
				E942E64B1890CCF400BED53F /* Sources */,
				E942E64C1890CCF400BED53F /* Frameworks */,
				E942E64D1890CCF400BED53F /* Resources */,
			);
			buildRules = (
			);
			dependencies = (
			);
			name = AppUsingParseCloud;
			productName = AppUsingParseCloud;
			productReference = E942E64F1890CCF400BED53F /* AppUsingParseCloud.app */;
			productType = "com.apple.product-type.application";
		};
		E942E66F1890CCF400BED53F /* AppUsingParseCloudTests */ = {
			isa = PBXNativeTarget;
			buildConfigurationList = E942E6841890CCF400BED53F /* Build configuration list for PBXNativeTarget "AppUsingParseCloudTests" */;
			buildPhases = (
				E942E66C1890CCF400BED53F /* Sources */,
				E942E66D1890CCF400BED53F /* Frameworks */,
				E942E66E1890CCF400BED53F /* Resources */,
			);
			buildRules = (
			);
			dependencies = (
				E942E6761890CCF400BED53F /* PBXTargetDependency */,
			);
			name = AppUsingParseCloudTests;
			productName = AppUsingParseCloudTests;
			productReference = E942E6701890CCF400BED53F /* AppUsingParseCloudTests.xctest */;
			productType = "com.apple.product-type.bundle.unit-test";
		};
/* End PBXNativeTarget section */

/* Begin PBXProject section */
		E942E6471890CCF400BED53F /* Project object */ = {
			isa = PBXProject;
			attributes = {
				LastUpgradeCheck = 0500;
				ORGANIZATIONNAME = Khalid;
				TargetAttributes = {
					E942E66F1890CCF400BED53F = {
						TestTargetID = E942E64E1890CCF400BED53F;
					};
				};
			};
			buildConfigurationList = E942E64A1890CCF400BED53F /* Build configuration list for PBXProject "AppUsingParseCloud" */;
			compatibilityVersion = "Xcode 3.2";
			developmentRegion = English;
			hasScannedForEncodings = 0;
			knownRegions = (
				en,
				Base,
			);
			mainGroup = E942E6461890CCF400BED53F;
			productRefGroup = E942E6501890CCF400BED53F /* Products */;
			projectDirPath = "";
			projectRoot = "";
			targets = (
				E942E64E1890CCF400BED53F /* AppUsingParseCloud */,
				E942E66F1890CCF400BED53F /* AppUsingParseCloudTests */,
			);
		};
/* End PBXProject section */

/* Begin PBXResourcesBuildPhase section */
		E942E64D1890CCF400BED53F /* Resources */ = {
			isa = PBXResourcesBuildPhase;
			buildActionMask = 2147483647;
			files = (
				E942E66B1890CCF400BED53F /* Images.xcassets in Resources */,
				E942E65D1890CCF400BED53F /* InfoPlist.strings in Resources */,
				E942E6661890CCF400BED53F /* Main.storyboard in Resources */,
			);
			runOnlyForDeploymentPostprocessing = 0;
		};
		E942E66E1890CCF400BED53F /* Resources */ = {
			isa = PBXResourcesBuildPhase;
			buildActionMask = 2147483647;
			files = (
				E942E67C1890CCF400BED53F /* InfoPlist.strings in Resources */,
			);
			runOnlyForDeploymentPostprocessing = 0;
		};
/* End PBXResourcesBuildPhase section */

/* Begin PBXSourcesBuildPhase section */
		E942E64B1890CCF400BED53F /* Sources */ = {
			isa = PBXSourcesBuildPhase;
			buildActionMask = 2147483647;
			files = (
				E942E6691890CCF400BED53F /* ViewController.m in Sources */,
				E942E6631890CCF400BED53F /* AppDelegate.m in Sources */,
				E942E65F1890CCF400BED53F /* main.m in Sources */,
			);
			runOnlyForDeploymentPostprocessing = 0;
		};
		E942E66C1890CCF400BED53F /* Sources */ = {
			isa = PBXSourcesBuildPhase;
			buildActionMask = 2147483647;
			files = (
				E942E67E1890CCF400BED53F /* AppUsingParseCloudTests.m in Sources */,
			);
			runOnlyForDeploymentPostprocessing = 0;
		};
/* End PBXSourcesBuildPhase section */

/* Begin PBXTargetDependency section */
		E942E6761890CCF400BED53F /* PBXTargetDependency */ = {
			isa = PBXTargetDependency;
			target = E942E64E1890CCF400BED53F /* AppUsingParseCloud */;
			targetProxy = E942E6751890CCF400BED53F /* PBXContainerItemProxy */;
		};
/* End PBXTargetDependency section */

/* Begin PBXVariantGroup section */
		E942E65B1890CCF400BED53F /* InfoPlist.strings */ = {
			isa = PBXVariantGroup;
			children = (
				E942E65C1890CCF400BED53F /* en */,
			);
			name = InfoPlist.strings;
			sourceTree = "<group>";
		};
		E942E6641890CCF400BED53F /* Main.storyboard */ = {
			isa = PBXVariantGroup;
			children = (
				E942E6651890CCF400BED53F /* Base */,
			);
			name = Main.storyboard;
			sourceTree = "<group>";
		};
		E942E67A1890CCF400BED53F /* InfoPlist.strings */ = {
			isa = PBXVariantGroup;
			children = (
				E942E67B1890CCF400BED53F /* en */,
			);
			name = InfoPlist.strings;
			sourceTree = "<group>";
		};
/* End PBXVariantGroup section */

/* Begin XCBuildConfiguration section */
		E942E67F1890CCF400BED53F /* Debug */ = {
			isa = XCBuildConfiguration;
			buildSettings = {
				ALWAYS_SEARCH_USER_PATHS = NO;
				ARCHS = "$(ARCHS_STANDARD_INCLUDING_64_BIT)";
				CLANG_CXX_LANGUAGE_STANDARD = "gnu++0x";
				CLANG_CXX_LIBRARY = "libc++";
				CLANG_ENABLE_MODULES = YES;
				CLANG_ENABLE_OBJC_ARC = YES;
				CLANG_WARN_BOOL_CONVERSION = YES;
				CLANG_WARN_CONSTANT_CONVERSION = YES;
				CLANG_WARN_DIRECT_OBJC_ISA_USAGE = YES_ERROR;
				CLANG_WARN_EMPTY_BODY = YES;
				CLANG_WARN_ENUM_CONVERSION = YES;
				CLANG_WARN_INT_CONVERSION = YES;
				CLANG_WARN_OBJC_ROOT_CLASS = YES_ERROR;
				CLANG_WARN__DUPLICATE_METHOD_MATCH = YES;
				"CODE_SIGN_IDENTITY[sdk=iphoneos*]" = "iPhone Developer";
				COPY_PHASE_STRIP = NO;
				GCC_C_LANGUAGE_STANDARD = gnu99;
				GCC_DYNAMIC_NO_PIC = NO;
				GCC_OPTIMIZATION_LEVEL = 0;
				GCC_PREPROCESSOR_DEFINITIONS = (
					"DEBUG=1",
					"$(inherited)",
				);
				GCC_SYMBOLS_PRIVATE_EXTERN = NO;
				GCC_WARN_64_TO_32_BIT_CONVERSION = YES;
				GCC_WARN_ABOUT_RETURN_TYPE = YES_ERROR;
				GCC_WARN_UNDECLARED_SELECTOR = YES;
				GCC_WARN_UNINITIALIZED_AUTOS = YES;
				GCC_WARN_UNUSED_FUNCTION = YES;
				GCC_WARN_UNUSED_VARIABLE = YES;
				IPHONEOS_DEPLOYMENT_TARGET = 7.0;
				ONLY_ACTIVE_ARCH = YES;
				SDKROOT = iphoneos;
			};
			name = Debug;
		};
		E942E6801890CCF400BED53F /* Release */ = {
			isa = XCBuildConfiguration;
			buildSettings = {
				ALWAYS_SEARCH_USER_PATHS = NO;
				ARCHS = "$(ARCHS_STANDARD_INCLUDING_64_BIT)";
				CLANG_CXX_LANGUAGE_STANDARD = "gnu++0x";
				CLANG_CXX_LIBRARY = "libc++";
				CLANG_ENABLE_MODULES = YES;
				CLANG_ENABLE_OBJC_ARC = YES;
				CLANG_WARN_BOOL_CONVERSION = YES;
				CLANG_WARN_CONSTANT_CONVERSION = YES;
				CLANG_WARN_DIRECT_OBJC_ISA_USAGE = YES_ERROR;
				CLANG_WARN_EMPTY_BODY = YES;
				CLANG_WARN_ENUM_CONVERSION = YES;
				CLANG_WARN_INT_CONVERSION = YES;
				CLANG_WARN_OBJC_ROOT_CLASS = YES_ERROR;
				CLANG_WARN__DUPLICATE_METHOD_MATCH = YES;
				"CODE_SIGN_IDENTITY[sdk=iphoneos*]" = "iPhone Developer";
				COPY_PHASE_STRIP = YES;
				ENABLE_NS_ASSERTIONS = NO;
				GCC_C_LANGUAGE_STANDARD = gnu99;
				GCC_WARN_64_TO_32_BIT_CONVERSION = YES;
				GCC_WARN_ABOUT_RETURN_TYPE = YES_ERROR;
				GCC_WARN_UNDECLARED_SELECTOR = YES;
				GCC_WARN_UNINITIALIZED_AUTOS = YES;
				GCC_WARN_UNUSED_FUNCTION = YES;
				GCC_WARN_UNUSED_VARIABLE = YES;
				IPHONEOS_DEPLOYMENT_TARGET = 7.0;
				SDKROOT = iphoneos;
				VALIDATE_PRODUCT = YES;
			};
			name = Release;
		};
		E942E6821890CCF400BED53F /* Debug */ = {
			isa = XCBuildConfiguration;
			buildSettings = {
				ASSETCATALOG_COMPILER_APPICON_NAME = AppIcon;
				ASSETCATALOG_COMPILER_LAUNCHIMAGE_NAME = LaunchImage;
				GCC_PRECOMPILE_PREFIX_HEADER = YES;
				GCC_PREFIX_HEADER = "AppUsingParseCloud/AppUsingParseCloud-Prefix.pch";
				INFOPLIST_FILE = "AppUsingParseCloud/AppUsingParseCloud-Info.plist";
				PRODUCT_NAME = "$(TARGET_NAME)";
				WRAPPER_EXTENSION = app;
			};
			name = Debug;
		};
		E942E6831890CCF400BED53F /* Release */ = {
			isa = XCBuildConfiguration;
			buildSettings = {
				ASSETCATALOG_COMPILER_APPICON_NAME = AppIcon;
				ASSETCATALOG_COMPILER_LAUNCHIMAGE_NAME = LaunchImage;
				GCC_PRECOMPILE_PREFIX_HEADER = YES;
				GCC_PREFIX_HEADER = "AppUsingParseCloud/AppUsingParseCloud-Prefix.pch";
				INFOPLIST_FILE = "AppUsingParseCloud/AppUsingParseCloud-Info.plist";
				PRODUCT_NAME = "$(TARGET_NAME)";
				WRAPPER_EXTENSION = app;
			};
			name = Release;
		};
		E942E6851890CCF400BED53F /* Debug */ = {
			isa = XCBuildConfiguration;
			buildSettings = {
				ARCHS = "$(ARCHS_STANDARD_INCLUDING_64_BIT)";
				BUNDLE_LOADER = "$(BUILT_PRODUCTS_DIR)/AppUsingParseCloud.app/AppUsingParseCloud";
				FRAMEWORK_SEARCH_PATHS = (
					"$(SDKROOT)/Developer/Library/Frameworks",
					"$(inherited)",
					"$(DEVELOPER_FRAMEWORKS_DIR)",
				);
				GCC_PRECOMPILE_PREFIX_HEADER = YES;
				GCC_PREFIX_HEADER = "AppUsingParseCloud/AppUsingParseCloud-Prefix.pch";
				GCC_PREPROCESSOR_DEFINITIONS = (
					"DEBUG=1",
					"$(inherited)",
				);
				INFOPLIST_FILE = "AppUsingParseCloudTests/AppUsingParseCloudTests-Info.plist";
				PRODUCT_NAME = "$(TARGET_NAME)";
				TEST_HOST = "$(BUNDLE_LOADER)";
				WRAPPER_EXTENSION = xctest;
			};
			name = Debug;
		};
		E942E6861890CCF400BED53F /* Release */ = {
			isa = XCBuildConfiguration;
			buildSettings = {
				ARCHS = "$(ARCHS_STANDARD_INCLUDING_64_BIT)";
				BUNDLE_LOADER = "$(BUILT_PRODUCTS_DIR)/AppUsingParseCloud.app/AppUsingParseCloud";
				FRAMEWORK_SEARCH_PATHS = (
					"$(SDKROOT)/Developer/Library/Frameworks",
					"$(inherited)",
					"$(DEVELOPER_FRAMEWORKS_DIR)",
				);
				GCC_PRECOMPILE_PREFIX_HEADER = YES;
				GCC_PREFIX_HEADER = "AppUsingParseCloud/AppUsingParseCloud-Prefix.pch";
				INFOPLIST_FILE = "AppUsingParseCloudTests/AppUsingParseCloudTests-Info.plist";
				PRODUCT_NAME = "$(TARGET_NAME)";
				TEST_HOST = "$(BUNDLE_LOADER)";
				WRAPPER_EXTENSION = xctest;
			};
			name = Release;
		};
/* End XCBuildConfiguration section */

/* Begin XCConfigurationList section */
		E942E64A1890CCF400BED53F /* Build configuration list for PBXProject "AppUsingParseCloud" */ = {
			isa = XCConfigurationList;
			buildConfigurations = (
				E942E67F1890CCF400BED53F /* Debug */,
				E942E6801890CCF400BED53F /* Release */,
			);
			defaultConfigurationIsVisible = 0;
			defaultConfigurationName = Release;
		};
		E942E6811890CCF400BED53F /* Build configuration list for PBXNativeTarget "AppUsingParseCloud" */ = {
			isa = XCConfigurationList;
			buildConfigurations = (
				E942E6821890CCF400BED53F /* Debug */,
				E942E6831890CCF400BED53F /* Release */,
			);
			defaultConfigurationIsVisible = 0;
		};
		E942E6841890CCF400BED53F /* Build configuration list for PBXNativeTarget "AppUsingParseCloudTests" */ = {
			isa = XCConfigurationList;
			buildConfigurations = (
				E942E6851890CCF400BED53F /* Debug */,
				E942E6861890CCF400BED53F /* Release */,
			);
			defaultConfigurationIsVisible = 0;
		};
/* End XCConfigurationList section */
	};
	rootObject = E942E6471890CCF400BED53F /* Project object */;
}
